
Microsoft Visual Studio Solution File, Format Version 12.00
# Visual Studio Version 16
VisualStudioVersion = 16.0.31515.178
MinimumVisualStudioVersion = 10.0.40219.1
Project("{FAE04EC0-301F-11D3-BF4B-00C04F79EFBC}") = "Client", "Client\Client.csproj", "{3DDB5027-9909-485B-98E8-338137FA0DBE}"
EndProject
Project("{FAE04EC0-301F-11D3-BF4B-00C04F79EFBC}") = "Server", "Server\Server.csproj", "{F31B6FB1-94FF-4E64-AF02-EAAB14FCE678}"
EndProject
Project("{FAE04EC0-301F-11D3-BF4B-00C04F79EFBC}") = "Main", "Main\Main.csproj", "{D3DEE437-7CE1-4D7B-8553-17141BE1B744}"
EndProject
Project("{FAE04EC0-301F-11D3-BF4B-00C04F79EFBC}") = "ImageFlipperTest", "ImageFlipperTest\ImageFlipperTest.csproj", "{4801DAE1-52DD-475A-8267-9573E2818424}"
EndProject
Global
	GlobalSection(SolutionConfigurationPlatforms) = preSolution
		Debug|Any CPU = Debug|Any CPU
		Release|Any CPU = Release|Any CPU
	EndGlobalSection
	GlobalSection(ProjectConfigurationPlatforms) = postSolution
		{3DDB5027-9909-485B-98E8-338137FA0DBE}.Debug|Any CPU.ActiveCfg = Debug|Any CPU
		{3DDB5027-9909-485B-98E8-338137FA0DBE}.Debug|Any CPU.Build.0 = Debug|Any CPU
		{3DDB5027-9909-485B-98E8-338137FA0DBE}.Release|Any CPU.ActiveCfg = Release|Any CPU
		{3DDB5027-9909-485B-98E8-338137FA0DBE}.Release|Any CPU.Build.0 = Release|Any CPU
		{F31B6FB1-94FF-4E64-AF02-EAAB14FCE678}.Debug|Any CPU.ActiveCfg = Debug|Any CPU
		{F31B6FB1-94FF-4E64-AF02-EAAB14FCE678}.Debug|Any CPU.Build.0 = Debug|Any CPU
		{F31B6FB1-94FF-4E64-AF02-EAAB14FCE678}.Release|Any CPU.ActiveCfg = Release|Any CPU
		{F31B6FB1-94FF-4E64-AF02-EAAB14FCE678}.Release|Any CPU.Build.0 = Release|Any CPU
		{D3DEE437-7CE1-4D7B-8553-17141BE1B744}.Debug|Any CPU.ActiveCfg = Debug|Any CPU
		{D3DEE437-7CE1-4D7B-8553-17141BE1B744}.Debug|Any CPU.Build.0 = Debug|Any CPU
		{D3DEE437-7CE1-4D7B-8553-17141BE1B744}.Release|Any CPU.ActiveCfg = Release|Any CPU
		{D3DEE437-7CE1-4D7B-8553-17141BE1B744}.Release|Any CPU.Build.0 = Release|Any CPU
		{4801DAE1-52DD-475A-8267-9573E2818424}.Debug|Any CPU.ActiveCfg = Debug|Any CPU
		{4801DAE1-52DD-475A-8267-9573E2818424}.Debug|Any CPU.Build.0 = Debug|Any CPU
		{4801DAE1-52DD-475A-8267-9573E2818424}.Release|Any CPU.ActiveCfg = Release|Any CPU
		{4801DAE1-52DD-475A-8267-9573E2818424}.Release|Any CPU.Build.0 = Release|Any CPU
	EndGlobalSection
	GlobalSection(SolutionProperties) = preSolution
		HideSolutionNode = FALSE
	EndGlobalSection
	GlobalSection(ExtensibilityGlobals) = postSolution
		SolutionGuid = {D7878D91-78C5-4CEA-8618-1DE02DB4B2F2}
	EndGlobalSection
EndGlobal
